
Microsoft Visual Studio Solution File, Format Version 12.00
# Visual Studio Version 17
VisualStudioVersion = 17.0.32014.148
MinimumVisualStudioVersion = 10.0.40219.1
Project("{FAE04EC0-301F-11D3-BF4B-00C04F79EFBC}") = "TZ.AI.InvokeAIStudioDeployment", "TZ.AI.InvokeAIStudioDeployment.csproj", "{282A8AC7-CEFC-41C2-ABDD-BB7437F7478E}"
EndProject
Global
	GlobalSection(SolutionConfigurationPlatforms) = preSolution
		Debug|Any CPU = Debug|Any CPU
		Release|Any CPU = Release|Any CPU
	EndGlobalSection
	GlobalSection(ProjectConfigurationPlatforms) = postSolution
		{282A8AC7-CEFC-41C2-ABDD-BB7437F7478E}.Debug|Any CPU.ActiveCfg = Debug|Any CPU
		{282A8AC7-CEFC-41C2-ABDD-BB7437F7478E}.Debug|Any CPU.Build.0 = Debug|Any CPU
		{282A8AC7-CEFC-41C2-ABDD-BB7437F7478E}.Release|Any CPU.ActiveCfg = Release|Any CPU
		{282A8AC7-CEFC-41C2-ABDD-BB7437F7478E}.Release|Any CPU.Build.0 = Release|Any CPU
	EndGlobalSection
	GlobalSection(SolutionProperties) = preSolution
		HideSolutionNode = FALSE
	EndGlobalSection
	GlobalSection(ExtensibilityGlobals) = postSolution
		SolutionGuid = {14E285FA-DF24-4BDD-94D3-27A27EBBA821}
	EndGlobalSection
EndGlobal
