
Microsoft Visual Studio Solution File, Format Version 12.00
# Visual Studio Version 17
VisualStudioVersion = 17.0.31410.414
MinimumVisualStudioVersion = 10.0.40219.1
Project("{FAE04EC0-301F-11D3-BF4B-00C04F79EFBC}") = "AuthenticatedApplicationInsightsDemo", "AuthenticatedApplicationInsightsDemo.csproj", "{16E94B30-95C8-456A-B660-D1777C3444DA}"
EndProject
Global
	GlobalSection(SolutionConfigurationPlatforms) = preSolution
		Debug|Any CPU = Debug|Any CPU
		Release|Any CPU = Release|Any CPU
	EndGlobalSection
	GlobalSection(ProjectConfigurationPlatforms) = postSolution
		{16E94B30-95C8-456A-B660-D1777C3444DA}.Debug|Any CPU.ActiveCfg = Debug|Any CPU
		{16E94B30-95C8-456A-B660-D1777C3444DA}.Debug|Any CPU.Build.0 = Debug|Any CPU
		{16E94B30-95C8-456A-B660-D1777C3444DA}.Release|Any CPU.ActiveCfg = Release|Any CPU
		{16E94B30-95C8-456A-B660-D1777C3444DA}.Release|Any CPU.Build.0 = Release|Any CPU
	EndGlobalSection
	GlobalSection(SolutionProperties) = preSolution
		HideSolutionNode = FALSE
	EndGlobalSection
	GlobalSection(ExtensibilityGlobals) = postSolution
		SolutionGuid = {746F51E7-1E50-412A-BEC8-191E306BE383}
	EndGlobalSection
EndGlobal
