
Microsoft Visual Studio Solution File, Format Version 12.00
# Visual Studio Version 17
VisualStudioVersion = 17.0.31717.71
MinimumVisualStudioVersion = 10.0.40219.1
Project("{FAE04EC0-301F-11D3-BF4B-00C04F79EFBC}") = "TZ.GraphEmailDemo", "TZ.GraphEmailDemo.csproj", "{6CFAD9E4-95DB-4286-9E18-4A28041F8BEE}"
EndProject
Global
	GlobalSection(SolutionConfigurationPlatforms) = preSolution
		Debug|Any CPU = Debug|Any CPU
		Release|Any CPU = Release|Any CPU
	EndGlobalSection
	GlobalSection(ProjectConfigurationPlatforms) = postSolution
		{6CFAD9E4-95DB-4286-9E18-4A28041F8BEE}.Debug|Any CPU.ActiveCfg = Debug|Any CPU
		{6CFAD9E4-95DB-4286-9E18-4A28041F8BEE}.Debug|Any CPU.Build.0 = Debug|Any CPU
		{6CFAD9E4-95DB-4286-9E18-4A28041F8BEE}.Release|Any CPU.ActiveCfg = Release|Any CPU
		{6CFAD9E4-95DB-4286-9E18-4A28041F8BEE}.Release|Any CPU.Build.0 = Release|Any CPU
	EndGlobalSection
	GlobalSection(SolutionProperties) = preSolution
		HideSolutionNode = FALSE
	EndGlobalSection
	GlobalSection(ExtensibilityGlobals) = postSolution
		SolutionGuid = {D5D8287F-534E-4553-8F56-0A52A38048F9}
	EndGlobalSection
EndGlobal
