
Microsoft Visual Studio Solution File, Format Version 12.00
# Visual Studio Version 17
VisualStudioVersion = 17.0.31410.414
MinimumVisualStudioVersion = 10.0.40219.1
Project("{FAE04EC0-301F-11D3-BF4B-00C04F79EFBC}") = "AzureMonitorDeepLinkingDemo", "AzureMonitorDeepLinkingDemo.csproj", "{8B64F516-5C00-4AC5-8419-79B7B63FDE0F}"
EndProject
Project("{FAE04EC0-301F-11D3-BF4B-00C04F79EFBC}") = "TestConsole", "..\TestConsole\TestConsole.csproj", "{56E0136E-5519-423C-AFA2-D4942CB4343A}"
EndProject
Global
	GlobalSection(SolutionConfigurationPlatforms) = preSolution
		Debug|Any CPU = Debug|Any CPU
		Release|Any CPU = Release|Any CPU
	EndGlobalSection
	GlobalSection(ProjectConfigurationPlatforms) = postSolution
		{8B64F516-5C00-4AC5-8419-79B7B63FDE0F}.Debug|Any CPU.ActiveCfg = Debug|Any CPU
		{8B64F516-5C00-4AC5-8419-79B7B63FDE0F}.Debug|Any CPU.Build.0 = Debug|Any CPU
		{8B64F516-5C00-4AC5-8419-79B7B63FDE0F}.Release|Any CPU.ActiveCfg = Release|Any CPU
		{8B64F516-5C00-4AC5-8419-79B7B63FDE0F}.Release|Any CPU.Build.0 = Release|Any CPU
		{56E0136E-5519-423C-AFA2-D4942CB4343A}.Debug|Any CPU.ActiveCfg = Debug|Any CPU
		{56E0136E-5519-423C-AFA2-D4942CB4343A}.Debug|Any CPU.Build.0 = Debug|Any CPU
		{56E0136E-5519-423C-AFA2-D4942CB4343A}.Release|Any CPU.ActiveCfg = Release|Any CPU
		{56E0136E-5519-423C-AFA2-D4942CB4343A}.Release|Any CPU.Build.0 = Release|Any CPU
	EndGlobalSection
	GlobalSection(SolutionProperties) = preSolution
		HideSolutionNode = FALSE
	EndGlobalSection
	GlobalSection(ExtensibilityGlobals) = postSolution
		SolutionGuid = {AE701DBA-0C71-4901-9E26-B043E29B839F}
	EndGlobalSection
EndGlobal
